
Microsoft Visual Studio Solution File, Format Version 12.00
# Visual Studio 15
VisualStudioVersion = 15.0.28307.271
MinimumVisualStudioVersion = 10.0.40219.1
Project("{F184B08F-C81C-45F6-A57F-5ABD9991F28F}") = "WindowsApp1", "WindowsApp1\WindowsApp1.vbproj", "{85987F31-44ED-4736-9DF6-0E627D817EE8}"
EndProject
Global
	GlobalSection(SolutionConfigurationPlatforms) = preSolution
		Debug|Any CPU = Debug|Any CPU
		Release|Any CPU = Release|Any CPU
	EndGlobalSection
	GlobalSection(ProjectConfigurationPlatforms) = postSolution
		{85987F31-44ED-4736-9DF6-0E627D817EE8}.Debug|Any CPU.ActiveCfg = Debug|Any CPU
		{85987F31-44ED-4736-9DF6-0E627D817EE8}.Debug|Any CPU.Build.0 = Debug|Any CPU
		{85987F31-44ED-4736-9DF6-0E627D817EE8}.Release|Any CPU.ActiveCfg = Release|Any CPU
		{85987F31-44ED-4736-9DF6-0E627D817EE8}.Release|Any CPU.Build.0 = Release|Any CPU
	EndGlobalSection
	GlobalSection(SolutionProperties) = preSolution
		HideSolutionNode = FALSE
	EndGlobalSection
	GlobalSection(ExtensibilityGlobals) = postSolution
		SolutionGuid = {313C4C2D-63E3-44D4-85BF-A056308FCE67}
	EndGlobalSection
EndGlobal
